{
  "object": {
    "pins": [
      {
        "package": "FetchImage",
        "repositoryURL": "https://github.com/kean/FetchImage.git",
        "state": {
          "branch": null,
          "revision": "cac844a0dea908c6e068fc8c6a0f949179c7f876",
          "version": "0.4.0"
        }
      },
      {
        "package": "ImagePublisher",
        "repositoryURL": "https://github.com/kean/ImagePublisher.git",
        "state": {
          "branch": null,
          "revision": "b74c0c3b36c5f77023891f996be818fafc77f264",
          "version": "0.2.1"
        }
      },
      {
        "package": "Nuke",
        "repositoryURL": "https://github.com/kean/Nuke.git",
        "state": {
          "branch": null,
          "revision": "200016df418ed8dc70ba918d52c29634f434541c",
          "version": "9.5.0"
        }
      }
    ]
  },
  "version": 1
}
