{
  "object": {
    "pins": [
      {
        "package": "FetchImage",
        "repositoryURL": "https://github.com/kean/FetchImage.git",
        "state": {
          "branch": null,
          "revision": "3b68b12f25d6060ed102523ebff394c4f8e31cec",
          "version": "0.3.0"
        }
      },
      {
        "package": "ImagePublisher",
        "repositoryURL": "https://github.com/kean/ImagePublisher.git",
        "state": {
          "branch": null,
          "revision": "b74c0c3b36c5f77023891f996be818fafc77f264",
          "version": "0.2.1"
        }
      },
      {
        "package": "Nuke",
        "repositoryURL": "https://github.com/kean/Nuke.git",
        "state": {
          "branch": null,
          "revision": "961597d324949c7003c77d602bfc4d5519b47e81",
          "version": "9.2.4"
        }
      }
    ]
  },
  "version": 1
}
